
Microsoft Visual Studio Solution File, Format Version 12.00
# Visual Studio Version 16
VisualStudioVersion = 16.0.28606.126
MinimumVisualStudioVersion = 10.0.40219.1
Project("{FAE04EC0-301F-11D3-BF4B-00C04F79EFBC}") = "ToDoApp", "ToDoApp.csproj", "{96E9AEE5-5C09-4E08-B06E-599A2340E196}"
EndProject
Global
	GlobalSection(SolutionConfigurationPlatforms) = preSolution
		Debug|Any CPU = Debug|Any CPU
		Release|Any CPU = Release|Any CPU
	EndGlobalSection
	GlobalSection(ProjectConfigurationPlatforms) = postSolution
		{96E9AEE5-5C09-4E08-B06E-599A2340E196}.Debug|Any CPU.ActiveCfg = Debug|Any CPU
		{96E9AEE5-5C09-4E08-B06E-599A2340E196}.Debug|Any CPU.Build.0 = Debug|Any CPU
		{96E9AEE5-5C09-4E08-B06E-599A2340E196}.Release|Any CPU.ActiveCfg = Release|Any CPU
		{96E9AEE5-5C09-4E08-B06E-599A2340E196}.Release|Any CPU.Build.0 = Release|Any CPU
	EndGlobalSection
	GlobalSection(SolutionProperties) = preSolution
		HideSolutionNode = FALSE
	EndGlobalSection
	GlobalSection(ExtensibilityGlobals) = postSolution
		SolutionGuid = {7EACB760-D897-4A95-B172-D75EEED3EE68}
	EndGlobalSection
EndGlobal
